
Microsoft Visual Studio Solution File, Format Version 12.00
# Visual Studio 15
VisualStudioVersion = 15.0.28010.2016
MinimumVisualStudioVersion = 10.0.40219.1
Project("{FAE04EC0-301F-11D3-BF4B-00C04F79EFBC}") = "LinkList", "LinkList\LinkList.csproj", "{A598DD06-2B66-4FA1-B637-FE4B17FA0676}"
EndProject
Global
	GlobalSection(SolutionConfigurationPlatforms) = preSolution
		Debug|Any CPU = Debug|Any CPU
		Release|Any CPU = Release|Any CPU
	EndGlobalSection
	GlobalSection(ProjectConfigurationPlatforms) = postSolution
		{A598DD06-2B66-4FA1-B637-FE4B17FA0676}.Debug|Any CPU.ActiveCfg = Debug|Any CPU
		{A598DD06-2B66-4FA1-B637-FE4B17FA0676}.Debug|Any CPU.Build.0 = Debug|Any CPU
		{A598DD06-2B66-4FA1-B637-FE4B17FA0676}.Release|Any CPU.ActiveCfg = Release|Any CPU
		{A598DD06-2B66-4FA1-B637-FE4B17FA0676}.Release|Any CPU.Build.0 = Release|Any CPU
	EndGlobalSection
	GlobalSection(SolutionProperties) = preSolution
		HideSolutionNode = FALSE
	EndGlobalSection
	GlobalSection(ExtensibilityGlobals) = postSolution
		SolutionGuid = {43DEC5C9-1AB5-4D7D-AD18-DD059BBDB580}
	EndGlobalSection
EndGlobal
